
Microsoft Visual Studio Solution File, Format Version 12.00
# Visual Studio Version 16
VisualStudioVersion = 16.0.31229.75
MinimumVisualStudioVersion = 10.0.40219.1
Project("{8BC9CEB8-8B4A-11D0-8D11-00A0C91BC942}") = "grupo13TPFINAL", "grupo13TPFINAL.vcxproj", "{32DE6CDC-7FBD-41B8-B570-BD02A4240DCF}"
EndProject
Global
	GlobalSection(SolutionConfigurationPlatforms) = preSolution
		Debug|x64 = Debug|x64
		Debug|x86 = Debug|x86
		Release|x64 = Release|x64
		Release|x86 = Release|x86
	EndGlobalSection
	GlobalSection(ProjectConfigurationPlatforms) = postSolution
		{32DE6CDC-7FBD-41B8-B570-BD02A4240DCF}.Debug|x64.ActiveCfg = Debug|x64
		{32DE6CDC-7FBD-41B8-B570-BD02A4240DCF}.Debug|x64.Build.0 = Debug|x64
		{32DE6CDC-7FBD-41B8-B570-BD02A4240DCF}.Debug|x86.ActiveCfg = Debug|Win32
		{32DE6CDC-7FBD-41B8-B570-BD02A4240DCF}.Debug|x86.Build.0 = Debug|Win32
		{32DE6CDC-7FBD-41B8-B570-BD02A4240DCF}.Release|x64.ActiveCfg = Release|x64
		{32DE6CDC-7FBD-41B8-B570-BD02A4240DCF}.Release|x64.Build.0 = Release|x64
		{32DE6CDC-7FBD-41B8-B570-BD02A4240DCF}.Release|x86.ActiveCfg = Release|Win32
		{32DE6CDC-7FBD-41B8-B570-BD02A4240DCF}.Release|x86.Build.0 = Release|Win32
	EndGlobalSection
	GlobalSection(SolutionProperties) = preSolution
		HideSolutionNode = FALSE
	EndGlobalSection
	GlobalSection(ExtensibilityGlobals) = postSolution
		SolutionGuid = {AD595D2D-EA2F-4548-8AF9-94F235F4473C}
	EndGlobalSection
EndGlobal
